
Microsoft Visual Studio Solution File, Format Version 12.00
# Visual Studio Version 17
VisualStudioVersion = 17.7.34202.233
MinimumVisualStudioVersion = 10.0.40219.1
Project("{FAE04EC0-301F-11D3-BF4B-00C04F79EFBC}") = "BulkyBookWeb", "BulkyBookWeb\BulkyBookWeb.csproj", "{638FAF05-6536-44BD-B58B-214B719F3109}"
EndProject
Global
	GlobalSection(SolutionConfigurationPlatforms) = preSolution
		Debug|Any CPU = Debug|Any CPU
		Release|Any CPU = Release|Any CPU
	EndGlobalSection
	GlobalSection(ProjectConfigurationPlatforms) = postSolution
		{638FAF05-6536-44BD-B58B-214B719F3109}.Debug|Any CPU.ActiveCfg = Debug|Any CPU
		{638FAF05-6536-44BD-B58B-214B719F3109}.Debug|Any CPU.Build.0 = Debug|Any CPU
		{638FAF05-6536-44BD-B58B-214B719F3109}.Release|Any CPU.ActiveCfg = Release|Any CPU
		{638FAF05-6536-44BD-B58B-214B719F3109}.Release|Any CPU.Build.0 = Release|Any CPU
	EndGlobalSection
	GlobalSection(SolutionProperties) = preSolution
		HideSolutionNode = FALSE
	EndGlobalSection
	GlobalSection(ExtensibilityGlobals) = postSolution
		SolutionGuid = {5BC813C7-6C9F-4C79-A5AF-A9492FA0814D}
	EndGlobalSection
EndGlobal
